
Microsoft Visual Studio Solution File, Format Version 12.00
# Visual Studio 15
VisualStudioVersion = 15.0.28010.2046
MinimumVisualStudioVersion = 10.0.40219.1
Project("{FAE04EC0-301F-11D3-BF4B-00C04F79EFBC}") = "LunchPollServer", "LunchPollServer\LunchPollServer.csproj", "{181473FD-10F3-486E-B77A-4FB4DAF99808}"
EndProject
Global
	GlobalSection(SolutionConfigurationPlatforms) = preSolution
		Debug|Any CPU = Debug|Any CPU
		Release|Any CPU = Release|Any CPU
	EndGlobalSection
	GlobalSection(ProjectConfigurationPlatforms) = postSolution
		{181473FD-10F3-486E-B77A-4FB4DAF99808}.Debug|Any CPU.ActiveCfg = Debug|Any CPU
		{181473FD-10F3-486E-B77A-4FB4DAF99808}.Debug|Any CPU.Build.0 = Debug|Any CPU
		{181473FD-10F3-486E-B77A-4FB4DAF99808}.Release|Any CPU.ActiveCfg = Release|Any CPU
		{181473FD-10F3-486E-B77A-4FB4DAF99808}.Release|Any CPU.Build.0 = Release|Any CPU
	EndGlobalSection
	GlobalSection(SolutionProperties) = preSolution
		HideSolutionNode = FALSE
	EndGlobalSection
	GlobalSection(ExtensibilityGlobals) = postSolution
		SolutionGuid = {9BEBFC67-4821-44A2-A7C7-9E6C76D6C60E}
	EndGlobalSection
EndGlobal
